// !$*UTF8*$!
{
	archiveVersion = 1;
	classes = {
	};
	objectVersion = 56;
	objects = {

/* Begin PBXBuildFile section */
		9FAF08132B77FB3B00B3EB6E /* RealityKitContent in Frameworks */ = {isa = PBXBuildFile; productRef = 9FAF08122B77FB3B00B3EB6E /* RealityKitContent */; };
		9FAF08152B77FB3B00B3EB6E /* AVP_DCRApp.swift in Sources */ = {isa = PBXBuildFile; fileRef = 9FAF08142B77FB3B00B3EB6E /* AVP_DCRApp.swift */; };
		9FAF08172B77FB3B00B3EB6E /* ContentView.swift in Sources */ = {isa = PBXBuildFile; fileRef = 9FAF08162B77FB3B00B3EB6E /* ContentView.swift */; };
		9FAF08192B77FB3B00B3EB6E /* ImmersiveView.swift in Sources */ = {isa = PBXBuildFile; fileRef = 9FAF08182B77FB3B00B3EB6E /* ImmersiveView.swift */; };
		9FAF081B2B77FB3D00B3EB6E /* Assets.xcassets in Resources */ = {isa = PBXBuildFile; fileRef = 9FAF081A2B77FB3D00B3EB6E /* Assets.xcassets */; };
		9FAF081E2B77FB3D00B3EB6E /* Preview Assets.xcassets in Resources */ = {isa = PBXBuildFile; fileRef = 9FAF081D2B77FB3D00B3EB6E /* Preview Assets.xcassets */; };
		9FAF08272B78054C00B3EB6E /* CGRPCZlib in Frameworks */ = {isa = PBXBuildFile; productRef = 9FAF08262B78054C00B3EB6E /* CGRPCZlib */; };
		9FAF08292B78054C00B3EB6E /* GRPC in Frameworks */ = {isa = PBXBuildFile; productRef = 9FAF08282B78054C00B3EB6E /* GRPC */; };
		9FAF082B2B78054C00B3EB6E /* GRPCReflectionService in Frameworks */ = {isa = PBXBuildFile; productRef = 9FAF082A2B78054C00B3EB6E /* GRPCReflectionService */; };
		9FAF082D2B78054C00B3EB6E /* _GRPCCore in Frameworks */ = {isa = PBXBuildFile; productRef = 9FAF082C2B78054C00B3EB6E /* _GRPCCore */; };
		9FAF082F2B78054C00B3EB6E /* protoc-gen-grpc-swift in Frameworks */ = {isa = PBXBuildFile; productRef = 9FAF082E2B78054C00B3EB6E /* protoc-gen-grpc-swift */; };
		9FD50ED72B794AF0002D1B82 /* helloworld.grpc.swift in Sources */ = {isa = PBXBuildFile; fileRef = 9FD50ED52B794AF0002D1B82 /* helloworld.grpc.swift */; };
		9FD50ED82B794AF0002D1B82 /* helloworld.pb.swift in Sources */ = {isa = PBXBuildFile; fileRef = 9FD50ED62B794AF0002D1B82 /* helloworld.pb.swift */; };
/* End PBXBuildFile section */

/* Begin PBXFileReference section */
		9FAF080D2B77FB3B00B3EB6E /* AVP_DCR.app */ = {isa = PBXFileReference; explicitFileType = wrapper.application; includeInIndex = 0; path = AVP_DCR.app; sourceTree = BUILT_PRODUCTS_DIR; };
		9FAF08112B77FB3B00B3EB6E /* RealityKitContent */ = {isa = PBXFileReference; lastKnownFileType = wrapper; path = RealityKitContent; sourceTree = "<group>"; };
		9FAF08142B77FB3B00B3EB6E /* AVP_DCRApp.swift */ = {isa = PBXFileReference; lastKnownFileType = sourcecode.swift; path = AVP_DCRApp.swift; sourceTree = "<group>"; };
		9FAF08162B77FB3B00B3EB6E /* ContentView.swift */ = {isa = PBXFileReference; lastKnownFileType = sourcecode.swift; path = ContentView.swift; sourceTree = "<group>"; };
		9FAF08182B77FB3B00B3EB6E /* ImmersiveView.swift */ = {isa = PBXFileReference; lastKnownFileType = sourcecode.swift; path = ImmersiveView.swift; sourceTree = "<group>"; };
		9FAF081A2B77FB3D00B3EB6E /* Assets.xcassets */ = {isa = PBXFileReference; lastKnownFileType = folder.assetcatalog; path = Assets.xcassets; sourceTree = "<group>"; };
		9FAF081D2B77FB3D00B3EB6E /* Preview Assets.xcassets */ = {isa = PBXFileReference; lastKnownFileType = folder.assetcatalog; path = "Preview Assets.xcassets"; sourceTree = "<group>"; };
		9FAF081F2B77FB3D00B3EB6E /* Info.plist */ = {isa = PBXFileReference; lastKnownFileType = text.plist.xml; path = Info.plist; sourceTree = "<group>"; };
		9FD50ED52B794AF0002D1B82 /* helloworld.grpc.swift */ = {isa = PBXFileReference; fileEncoding = 4; lastKnownFileType = sourcecode.swift; path = helloworld.grpc.swift; sourceTree = "<group>"; };
		9FD50ED62B794AF0002D1B82 /* helloworld.pb.swift */ = {isa = PBXFileReference; fileEncoding = 4; lastKnownFileType = sourcecode.swift; path = helloworld.pb.swift; sourceTree = "<group>"; };
/* End PBXFileReference section */

/* Begin PBXFrameworksBuildPhase section */
		9FAF080A2B77FB3B00B3EB6E /* Frameworks */ = {
			isa = PBXFrameworksBuildPhase;
			buildActionMask = 2147483647;
			files = (
				9FAF082D2B78054C00B3EB6E /* _GRPCCore in Frameworks */,
				9FAF08132B77FB3B00B3EB6E /* RealityKitContent in Frameworks */,
				9FAF082F2B78054C00B3EB6E /* protoc-gen-grpc-swift in Frameworks */,
				9FAF082B2B78054C00B3EB6E /* GRPCReflectionService in Frameworks */,
				9FAF08272B78054C00B3EB6E /* CGRPCZlib in Frameworks */,
				9FAF08292B78054C00B3EB6E /* GRPC in Frameworks */,
			);
			runOnlyForDeploymentPostprocessing = 0;
		};
/* End PBXFrameworksBuildPhase section */

/* Begin PBXGroup section */
		9FAF08042B77FB3B00B3EB6E = {
			isa = PBXGroup;
			children = (
				9FAF080F2B77FB3B00B3EB6E /* AVP_DCR */,
				9FAF08102B77FB3B00B3EB6E /* Packages */,
				9FAF080E2B77FB3B00B3EB6E /* Products */,
			);
			sourceTree = "<group>";
		};
		9FAF080E2B77FB3B00B3EB6E /* Products */ = {
			isa = PBXGroup;
			children = (
				9FAF080D2B77FB3B00B3EB6E /* AVP_DCR.app */,
			);
			name = Products;
			sourceTree = "<group>";
		};
		9FAF080F2B77FB3B00B3EB6E /* AVP_DCR */ = {
			isa = PBXGroup;
			children = (
				9FD50ED52B794AF0002D1B82 /* helloworld.grpc.swift */,
				9FD50ED62B794AF0002D1B82 /* helloworld.pb.swift */,
				9FAF08142B77FB3B00B3EB6E /* AVP_DCRApp.swift */,
				9FAF08162B77FB3B00B3EB6E /* ContentView.swift */,
				9FAF08182B77FB3B00B3EB6E /* ImmersiveView.swift */,
				9FAF081A2B77FB3D00B3EB6E /* Assets.xcassets */,
				9FAF081F2B77FB3D00B3EB6E /* Info.plist */,
				9FAF081C2B77FB3D00B3EB6E /* Preview Content */,
			);
			path = AVP_DCR;
			sourceTree = "<group>";
		};
		9FAF08102B77FB3B00B3EB6E /* Packages */ = {
			isa = PBXGroup;
			children = (
				9FAF08112B77FB3B00B3EB6E /* RealityKitContent */,
			);
			path = Packages;
			sourceTree = "<group>";
		};
		9FAF081C2B77FB3D00B3EB6E /* Preview Content */ = {
			isa = PBXGroup;
			children = (
				9FAF081D2B77FB3D00B3EB6E /* Preview Assets.xcassets */,
			);
			path = "Preview Content";
			sourceTree = "<group>";
		};
/* End PBXGroup section */

/* Begin PBXNativeTarget section */
		9FAF080C2B77FB3B00B3EB6E /* AVP_DCR */ = {
			isa = PBXNativeTarget;
			buildConfigurationList = 9FAF08222B77FB3D00B3EB6E /* Build configuration list for PBXNativeTarget "AVP_DCR" */;
			buildPhases = (
				9FAF08092B77FB3B00B3EB6E /* Sources */,
				9FAF080A2B77FB3B00B3EB6E /* Frameworks */,
				9FAF080B2B77FB3B00B3EB6E /* Resources */,
			);
			buildRules = (
			);
			dependencies = (
			);
			name = AVP_DCR;
			packageProductDependencies = (
				9FAF08122B77FB3B00B3EB6E /* RealityKitContent */,
				9FAF08262B78054C00B3EB6E /* CGRPCZlib */,
				9FAF08282B78054C00B3EB6E /* GRPC */,
				9FAF082A2B78054C00B3EB6E /* GRPCReflectionService */,
				9FAF082C2B78054C00B3EB6E /* _GRPCCore */,
				9FAF082E2B78054C00B3EB6E /* protoc-gen-grpc-swift */,
			);
			productName = AVP_DCR;
			productReference = 9FAF080D2B77FB3B00B3EB6E /* AVP_DCR.app */;
			productType = "com.apple.product-type.application";
		};
/* End PBXNativeTarget section */

/* Begin PBXProject section */
		9FAF08052B77FB3B00B3EB6E /* Project object */ = {
			isa = PBXProject;
			attributes = {
				BuildIndependentTargetsInParallel = 1;
				LastSwiftUpdateCheck = 1520;
				LastUpgradeCheck = 1520;
				TargetAttributes = {
					9FAF080C2B77FB3B00B3EB6E = {
						CreatedOnToolsVersion = 15.2;
					};
				};
			};
			buildConfigurationList = 9FAF08082B77FB3B00B3EB6E /* Build configuration list for PBXProject "AVP_DCR" */;
			compatibilityVersion = "Xcode 14.0";
			developmentRegion = en;
			hasScannedForEncodings = 0;
			knownRegions = (
				en,
				Base,
			);
			mainGroup = 9FAF08042B77FB3B00B3EB6E;
			packageReferences = (
				9FAF08252B78054C00B3EB6E /* XCRemoteSwiftPackageReference "grpc-swift" */,
			);
			productRefGroup = 9FAF080E2B77FB3B00B3EB6E /* Products */;
			projectDirPath = "";
			projectRoot = "";
			targets = (
				9FAF080C2B77FB3B00B3EB6E /* AVP_DCR */,
			);
		};
/* End PBXProject section */

/* Begin PBXResourcesBuildPhase section */
		9FAF080B2B77FB3B00B3EB6E /* Resources */ = {
			isa = PBXResourcesBuildPhase;
			buildActionMask = 2147483647;
			files = (
				9FAF081E2B77FB3D00B3EB6E /* Preview Assets.xcassets in Resources */,
				9FAF081B2B77FB3D00B3EB6E /* Assets.xcassets in Resources */,
			);
			runOnlyForDeploymentPostprocessing = 0;
		};
/* End PBXResourcesBuildPhase section */

/* Begin PBXSourcesBuildPhase section */
		9FAF08092B77FB3B00B3EB6E /* Sources */ = {
			isa = PBXSourcesBuildPhase;
			buildActionMask = 2147483647;
			files = (
				9FAF08172B77FB3B00B3EB6E /* ContentView.swift in Sources */,
				9FAF08152B77FB3B00B3EB6E /* AVP_DCRApp.swift in Sources */,
				9FD50ED72B794AF0002D1B82 /* helloworld.grpc.swift in Sources */,
				9FAF08192B77FB3B00B3EB6E /* ImmersiveView.swift in Sources */,
				9FD50ED82B794AF0002D1B82 /* helloworld.pb.swift in Sources */,
			);
			runOnlyForDeploymentPostprocessing = 0;
		};
/* End PBXSourcesBuildPhase section */

/* Begin XCBuildConfiguration section */
		9FAF08202B77FB3D00B3EB6E /* Debug */ = {
			isa = XCBuildConfiguration;
			buildSettings = {
				ALWAYS_SEARCH_USER_PATHS = NO;
				ASSETCATALOG_COMPILER_GENERATE_SWIFT_ASSET_SYMBOL_EXTENSIONS = YES;
				CLANG_ANALYZER_NONNULL = YES;
				CLANG_ANALYZER_NUMBER_OBJECT_CONVERSION = YES_AGGRESSIVE;
				CLANG_CXX_LANGUAGE_STANDARD = "gnu++20";
				CLANG_ENABLE_MODULES = YES;
				CLANG_ENABLE_OBJC_ARC = YES;
				CLANG_ENABLE_OBJC_WEAK = YES;
				CLANG_WARN_BLOCK_CAPTURE_AUTORELEASING = YES;
				CLANG_WARN_BOOL_CONVERSION = YES;
				CLANG_WARN_COMMA = YES;
				CLANG_WARN_CONSTANT_CONVERSION = YES;
				CLANG_WARN_DEPRECATED_OBJC_IMPLEMENTATIONS = YES;
				CLANG_WARN_DIRECT_OBJC_ISA_USAGE = YES_ERROR;
				CLANG_WARN_DOCUMENTATION_COMMENTS = YES;
				CLANG_WARN_EMPTY_BODY = YES;
				CLANG_WARN_ENUM_CONVERSION = YES;
				CLANG_WARN_INFINITE_RECURSION = YES;
				CLANG_WARN_INT_CONVERSION = YES;
				CLANG_WARN_NON_LITERAL_NULL_CONVERSION = YES;
				CLANG_WARN_OBJC_IMPLICIT_RETAIN_SELF = YES;
				CLANG_WARN_OBJC_LITERAL_CONVERSION = YES;
				CLANG_WARN_OBJC_ROOT_CLASS = YES_ERROR;
				CLANG_WARN_QUOTED_INCLUDE_IN_FRAMEWORK_HEADER = YES;
				CLANG_WARN_RANGE_LOOP_ANALYSIS = YES;
				CLANG_WARN_STRICT_PROTOTYPES = YES;
				CLANG_WARN_SUSPICIOUS_MOVE = YES;
				CLANG_WARN_UNGUARDED_AVAILABILITY = YES_AGGRESSIVE;
				CLANG_WARN_UNREACHABLE_CODE = YES;
				CLANG_WARN__DUPLICATE_METHOD_MATCH = YES;
				COPY_PHASE_STRIP = NO;
				DEBUG_INFORMATION_FORMAT = dwarf;
				ENABLE_STRICT_OBJC_MSGSEND = YES;
				ENABLE_TESTABILITY = YES;
				ENABLE_USER_SCRIPT_SANDBOXING = YES;
				GCC_C_LANGUAGE_STANDARD = gnu17;
				GCC_DYNAMIC_NO_PIC = NO;
				GCC_NO_COMMON_BLOCKS = YES;
				GCC_OPTIMIZATION_LEVEL = 0;
				GCC_PREPROCESSOR_DEFINITIONS = (
					"DEBUG=1",
					"$(inherited)",
				);
				GCC_WARN_64_TO_32_BIT_CONVERSION = YES;
				GCC_WARN_ABOUT_RETURN_TYPE = YES_ERROR;
				GCC_WARN_UNDECLARED_SELECTOR = YES;
				GCC_WARN_UNINITIALIZED_AUTOS = YES_AGGRESSIVE;
				GCC_WARN_UNUSED_FUNCTION = YES;
				GCC_WARN_UNUSED_VARIABLE = YES;
				LOCALIZATION_PREFERS_STRING_CATALOGS = YES;
				MTL_ENABLE_DEBUG_INFO = INCLUDE_SOURCE;
				MTL_FAST_MATH = YES;
				ONLY_ACTIVE_ARCH = YES;
				SDKROOT = xros;
				SWIFT_ACTIVE_COMPILATION_CONDITIONS = "DEBUG $(inherited)";
				SWIFT_OPTIMIZATION_LEVEL = "-Onone";
				XROS_DEPLOYMENT_TARGET = 1.0;
			};
			name = Debug;
		};
		9FAF08212B77FB3D00B3EB6E /* Release */ = {
			isa = XCBuildConfiguration;
			buildSettings = {
				ALWAYS_SEARCH_USER_PATHS = NO;
				ASSETCATALOG_COMPILER_GENERATE_SWIFT_ASSET_SYMBOL_EXTENSIONS = YES;
				CLANG_ANALYZER_NONNULL = YES;
				CLANG_ANALYZER_NUMBER_OBJECT_CONVERSION = YES_AGGRESSIVE;
				CLANG_CXX_LANGUAGE_STANDARD = "gnu++20";
				CLANG_ENABLE_MODULES = YES;
				CLANG_ENABLE_OBJC_ARC = YES;
				CLANG_ENABLE_OBJC_WEAK = YES;
				CLANG_WARN_BLOCK_CAPTURE_AUTORELEASING = YES;
				CLANG_WARN_BOOL_CONVERSION = YES;
				CLANG_WARN_COMMA = YES;
				CLANG_WARN_CONSTANT_CONVERSION = YES;
				CLANG_WARN_DEPRECATED_OBJC_IMPLEMENTATIONS = YES;
				CLANG_WARN_DIRECT_OBJC_ISA_USAGE = YES_ERROR;
				CLANG_WARN_DOCUMENTATION_COMMENTS = YES;
				CLANG_WARN_EMPTY_BODY = YES;
				CLANG_WARN_ENUM_CONVERSION = YES;
				CLANG_WARN_INFINITE_RECURSION = YES;
				CLANG_WARN_INT_CONVERSION = YES;
				CLANG_WARN_NON_LITERAL_NULL_CONVERSION = YES;
				CLANG_WARN_OBJC_IMPLICIT_RETAIN_SELF = YES;
				CLANG_WARN_OBJC_LITERAL_CONVERSION = YES;
				CLANG_WARN_OBJC_ROOT_CLASS = YES_ERROR;
				CLANG_WARN_QUOTED_INCLUDE_IN_FRAMEWORK_HEADER = YES;
				CLANG_WARN_RANGE_LOOP_ANALYSIS = YES;
				CLANG_WARN_STRICT_PROTOTYPES = YES;
				CLANG_WARN_SUSPICIOUS_MOVE = YES;
				CLANG_WARN_UNGUARDED_AVAILABILITY = YES_AGGRESSIVE;
				CLANG_WARN_UNREACHABLE_CODE = YES;
				CLANG_WARN__DUPLICATE_METHOD_MATCH = YES;
				COPY_PHASE_STRIP = NO;
				DEBUG_INFORMATION_FORMAT = "dwarf-with-dsym";
				ENABLE_NS_ASSERTIONS = NO;
				ENABLE_STRICT_OBJC_MSGSEND = YES;
				ENABLE_USER_SCRIPT_SANDBOXING = YES;
				GCC_C_LANGUAGE_STANDARD = gnu17;
				GCC_NO_COMMON_BLOCKS = YES;
				GCC_WARN_64_TO_32_BIT_CONVERSION = YES;
				GCC_WARN_ABOUT_RETURN_TYPE = YES_ERROR;
				GCC_WARN_UNDECLARED_SELECTOR = YES;
				GCC_WARN_UNINITIALIZED_AUTOS = YES_AGGRESSIVE;
				GCC_WARN_UNUSED_FUNCTION = YES;
				GCC_WARN_UNUSED_VARIABLE = YES;
				LOCALIZATION_PREFERS_STRING_CATALOGS = YES;
				MTL_ENABLE_DEBUG_INFO = NO;
				MTL_FAST_MATH = YES;
				SDKROOT = xros;
				SWIFT_COMPILATION_MODE = wholemodule;
				VALIDATE_PRODUCT = YES;
				XROS_DEPLOYMENT_TARGET = 1.0;
			};
			name = Release;
		};
		9FAF08232B77FB3D00B3EB6E /* Debug */ = {
			isa = XCBuildConfiguration;
			buildSettings = {
				ASSETCATALOG_COMPILER_APPICON_NAME = AppIcon;
				ASSETCATALOG_COMPILER_GLOBAL_ACCENT_COLOR_NAME = AccentColor;
				CODE_SIGN_ENTITLEMENTS = AVP_DCR/AVP_DCR.entitlements;
				CODE_SIGN_STYLE = Automatic;
				CURRENT_PROJECT_VERSION = 1;
				DEVELOPMENT_ASSET_PATHS = "\"AVP_DCR/Preview Content\"";
				DEVELOPMENT_TEAM = 9S2964NG5B;
				ENABLE_PREVIEWS = YES;
				GENERATE_INFOPLIST_FILE = YES;
				INFOPLIST_FILE = "$(TARGET_NAME)/Info.plist";
				LD_RUNPATH_SEARCH_PATHS = (
					"$(inherited)",
					"@executable_path/Frameworks",
				);
				MARKETING_VERSION = 1.0;
				PRODUCT_BUNDLE_IDENTIFIER = "cv.montalvo.AVP-DCR";
				PRODUCT_NAME = "$(TARGET_NAME)";
				SUPPORTED_PLATFORMS = "xros xrsimulator";
				SWIFT_EMIT_LOC_STRINGS = YES;
				SWIFT_VERSION = 5.0;
				TARGETED_DEVICE_FAMILY = "1,2,7";
			};
			name = Debug;
		};
		9FAF08242B77FB3D00B3EB6E /* Release */ = {
			isa = XCBuildConfiguration;
			buildSettings = {
				ASSETCATALOG_COMPILER_APPICON_NAME = AppIcon;
				ASSETCATALOG_COMPILER_GLOBAL_ACCENT_COLOR_NAME = AccentColor;
				CODE_SIGN_ENTITLEMENTS = AVP_DCR/AVP_DCR.entitlements;
				CODE_SIGN_STYLE = Automatic;
				CURRENT_PROJECT_VERSION = 1;
				DEVELOPMENT_ASSET_PATHS = "\"AVP_DCR/Preview Content\"";
				DEVELOPMENT_TEAM = 9S2964NG5B;
				ENABLE_PREVIEWS = YES;
				GENERATE_INFOPLIST_FILE = YES;
				INFOPLIST_FILE = "$(TARGET_NAME)/Info.plist";
				LD_RUNPATH_SEARCH_PATHS = (
					"$(inherited)",
					"@executable_path/Frameworks",
				);
				MARKETING_VERSION = 1.0;
				PRODUCT_BUNDLE_IDENTIFIER = "cv.montalvo.AVP-DCR";
				PRODUCT_NAME = "$(TARGET_NAME)";
				SUPPORTED_PLATFORMS = "xros xrsimulator";
				SWIFT_EMIT_LOC_STRINGS = YES;
				SWIFT_VERSION = 5.0;
				TARGETED_DEVICE_FAMILY = "1,2,7";
			};
			name = Release;
		};
/* End XCBuildConfiguration section */

/* Begin XCConfigurationList section */
		9FAF08082B77FB3B00B3EB6E /* Build configuration list for PBXProject "AVP_DCR" */ = {
			isa = XCConfigurationList;
			buildConfigurations = (
				9FAF08202B77FB3D00B3EB6E /* Debug */,
				9FAF08212B77FB3D00B3EB6E /* Release */,
			);
			defaultConfigurationIsVisible = 0;
			defaultConfigurationName = Release;
		};
		9FAF08222B77FB3D00B3EB6E /* Build configuration list for PBXNativeTarget "AVP_DCR" */ = {
			isa = XCConfigurationList;
			buildConfigurations = (
				9FAF08232B77FB3D00B3EB6E /* Debug */,
				9FAF08242B77FB3D00B3EB6E /* Release */,
			);
			defaultConfigurationIsVisible = 0;
			defaultConfigurationName = Release;
		};
/* End XCConfigurationList section */

/* Begin XCRemoteSwiftPackageReference section */
		9FAF08252B78054C00B3EB6E /* XCRemoteSwiftPackageReference "grpc-swift" */ = {
			isa = XCRemoteSwiftPackageReference;
			repositoryURL = "https://github.com/grpc/grpc-swift.git";
			requirement = {
				kind = upToNextMajorVersion;
				minimumVersion = 1.21.1;
			};
		};
/* End XCRemoteSwiftPackageReference section */

/* Begin XCSwiftPackageProductDependency section */
		9FAF08122B77FB3B00B3EB6E /* RealityKitContent */ = {
			isa = XCSwiftPackageProductDependency;
			productName = RealityKitContent;
		};
		9FAF08262B78054C00B3EB6E /* CGRPCZlib */ = {
			isa = XCSwiftPackageProductDependency;
			package = 9FAF08252B78054C00B3EB6E /* XCRemoteSwiftPackageReference "grpc-swift" */;
			productName = CGRPCZlib;
		};
		9FAF08282B78054C00B3EB6E /* GRPC */ = {
			isa = XCSwiftPackageProductDependency;
			package = 9FAF08252B78054C00B3EB6E /* XCRemoteSwiftPackageReference "grpc-swift" */;
			productName = GRPC;
		};
		9FAF082A2B78054C00B3EB6E /* GRPCReflectionService */ = {
			isa = XCSwiftPackageProductDependency;
			package = 9FAF08252B78054C00B3EB6E /* XCRemoteSwiftPackageReference "grpc-swift" */;
			productName = GRPCReflectionService;
		};
		9FAF082C2B78054C00B3EB6E /* _GRPCCore */ = {
			isa = XCSwiftPackageProductDependency;
			package = 9FAF08252B78054C00B3EB6E /* XCRemoteSwiftPackageReference "grpc-swift" */;
			productName = _GRPCCore;
		};
		9FAF082E2B78054C00B3EB6E /* protoc-gen-grpc-swift */ = {
			isa = XCSwiftPackageProductDependency;
			package = 9FAF08252B78054C00B3EB6E /* XCRemoteSwiftPackageReference "grpc-swift" */;
			productName = "protoc-gen-grpc-swift";
		};
/* End XCSwiftPackageProductDependency section */
	};
	rootObject = 9FAF08052B77FB3B00B3EB6E /* Project object */;
}
